{
  "name": "markdown-plugin-tests",
  "lockfileVersion": 3,
  "requires": true,
  "packages": {
    "": {
      "name": "markdown-plugin-tests",
      "dependencies": {
        "@leonardo-marziali/ad-lfl-kit": "1.3.0"
      }
    },
    "node_modules/@leonardo-marziali/ad-lfl-kit": {
      "version": "1.3.0",
      "resolved": "https://registry.npmjs.org/@leonardo-marziali/ad-lfl-kit/-/ad-lfl-kit-1.3.0.tgz",
      "integrity": "sha512-gtp2Ls61E+49jBpZCS6OrFVBtknmnc4BwrCv2Rt12EHyf8NZ00yD19XFphDHbcImPmqrSNh8F19S/VuEr5oHoQ==",
      "license": "Apache-2.0",
      "engines": {
        "node": ">=24.20.0"
      }
    }
  }
}
